{
  "version": 4,
  "terraform_version": "1.9.8",
  "serial": 14,
  "lineage": "32248b78-974b-c21f-f476-07c4a5ea4b42",
  "outputs": {
    "subnets_list": {
      "value": [
        "e9b3jo5p1q4sbepnm61u",
        "e9brc2eb8i707m0t7obl"
      ],
      "type": [
        "list",
        "string"
      ]
    },
    "tst": {
      "value": "ru-central1-d",
      "type": "string"
    }
  },
  "resources": [
    {
      "mode": "managed",
      "type": "yandex_vpc_network",
      "name": "default",
      "provider": "provider[\"registry.terraform.io/yandex-cloud/yandex\"]",
      "instances": [
        {
          "schema_version": 0,
          "attributes": {
            "created_at": "2024-11-27T07:14:32Z",
            "default_security_group_id": "enp7c2gmftk94vclt89n",
            "description": "",
            "folder_id": "b1g5trap8k0s2qp65cfa",
            "id": "enpldro260tiigbqsant",
            "labels": {},
            "name": "olya-vpc-network-2",
            "subnet_ids": [
              "e9b3jo5p1q4sbepnm61u",
              "e9brc2eb8i707m0t7obl"
            ],
            "timeouts": null
          },
          "sensitive_attributes": [],
          "private": "eyJlMmJmYjczMC1lY2FhLTExZTYtOGY4OC0zNDM2M2JjN2M0YzAiOnsiY3JlYXRlIjo2MDAwMDAwMDAwMCwiZGVsZXRlIjo2MDAwMDAwMDAwMCwidXBkYXRlIjo2MDAwMDAwMDAwMH19"
        }
      ]
    },
    {
      "mode": "managed",
      "type": "yandex_vpc_subnet",
      "name": "private",
      "provider": "provider[\"registry.terraform.io/yandex-cloud/yandex\"]",
      "instances": [
        {
          "schema_version": 0,
          "attributes": {
            "created_at": "2024-11-27T12:51:02Z",
            "description": "",
            "dhcp_options": [],
            "folder_id": "b1g5trap8k0s2qp65cfa",
            "id": "fl8rrvbih2memqkerolh",
            "labels": {},
            "name": "private-subnet-2",
            "network_id": "enpldro260tiigbqsant",
            "route_table_id": "",
            "timeouts": null,
            "v4_cidr_blocks": [
              "10.0.2.0/24"
            ],
            "v6_cidr_blocks": [],
            "zone": "ru-central1-d"
          },
          "sensitive_attributes": [],
          "private": "eyJlMmJmYjczMC1lY2FhLTExZTYtOGY4OC0zNDM2M2JjN2M0YzAiOnsiY3JlYXRlIjoxODAwMDAwMDAwMDAsImRlbGV0ZSI6MTgwMDAwMDAwMDAwLCJ1cGRhdGUiOjE4MDAwMDAwMDAwMH19",
          "dependencies": [
            "yandex_vpc_network.default"
          ]
        }
      ]
    },
    {
      "mode": "managed",
      "type": "yandex_vpc_subnet",
      "name": "public",
      "provider": "provider[\"registry.terraform.io/yandex-cloud/yandex\"]",
      "instances": [
        {
          "schema_version": 0,
          "attributes": {
            "created_at": "2024-11-27T07:15:28Z",
            "description": "",
            "dhcp_options": [],
            "folder_id": "b1g5trap8k0s2qp65cfa",
            "id": "e9brc2eb8i707m0t7obl",
            "labels": {},
            "name": "public-subnet-2",
            "network_id": "enpldro260tiigbqsant",
            "route_table_id": "",
            "timeouts": null,
            "v4_cidr_blocks": [
              "10.0.1.0/24"
            ],
            "v6_cidr_blocks": [],
            "zone": "ru-central1-a"
          },
          "sensitive_attributes": [],
          "private": "eyJlMmJmYjczMC1lY2FhLTExZTYtOGY4OC0zNDM2M2JjN2M0YzAiOnsiY3JlYXRlIjoxODAwMDAwMDAwMDAsImRlbGV0ZSI6MTgwMDAwMDAwMDAwLCJ1cGRhdGUiOjE4MDAwMDAwMDAwMH19",
          "dependencies": [
            "yandex_vpc_network.default"
          ]
        }
      ]
    },
    {
      "module": "module.data_subnets",
      "mode": "data",
      "type": "yandex_vpc_network",
      "name": "net",
      "provider": "provider[\"registry.terraform.io/yandex-cloud/yandex\"]",
      "instances": [
        {
          "schema_version": 0,
          "attributes": {
            "created_at": "2024-11-27T07:14:32Z",
            "default_security_group_id": "enp7c2gmftk94vclt89n",
            "description": "",
            "folder_id": "b1g5trap8k0s2qp65cfa",
            "id": "enpldro260tiigbqsant",
            "labels": {},
            "name": "olya-vpc-network-2",
            "network_id": "enpldro260tiigbqsant",
            "subnet_ids": [
              "e9b3jo5p1q4sbepnm61u",
              "e9brc2eb8i707m0t7obl"
            ]
          },
          "sensitive_attributes": []
        }
      ]
    }
  ],
  "check_results": null
}
