{
  "version": 4,
  "terraform_version": "1.9.8",
  "serial": 16,
  "lineage": "32248b78-974b-c21f-f476-07c4a5ea4b42",
  "outputs": {
    "subnets_list": {
      "value": [
        "e9brc2eb8i707m0t7obl",
        "fl8rrvbih2memqkerolh"
      ],
      "type": [
        "list",
        "string"
      ]
    }
  },
  "resources": [
    {
      "mode": "managed",
      "type": "yandex_vpc_network",
      "name": "default",
      "provider": "provider[\"registry.terraform.io/yandex-cloud/yandex\"]",
      "instances": [
        {
          "schema_version": 0,
          "attributes": {
            "created_at": "2024-11-27T07:14:32Z",
            "default_security_group_id": "enp7c2gmftk94vclt89n",
            "description": "",
            "folder_id": "b1g5trap8k0s2qp65cfa",
            "id": "enpldro260tiigbqsant",
            "labels": {},
            "name": "olya-vpc-network-2",
            "subnet_ids": [
              "e9brc2eb8i707m0t7obl",
              "fl8rrvbih2memqkerolh"
            ],
            "timeouts": null
          },
          "sensitive_attributes": [],
          "private": "eyJlMmJmYjczMC1lY2FhLTExZTYtOGY4OC0zNDM2M2JjN2M0YzAiOnsiY3JlYXRlIjo2MDAwMDAwMDAwMCwiZGVsZXRlIjo2MDAwMDAwMDAwMCwidXBkYXRlIjo2MDAwMDAwMDAwMH19"
        }
      ]
    },
    {
      "mode": "managed",
      "type": "yandex_vpc_subnet",
      "name": "private",
      "provider": "provider[\"registry.terraform.io/yandex-cloud/yandex\"]",
      "instances": [
        {
          "schema_version": 0,
          "attributes": {
            "created_at": "2024-11-27T12:51:02Z",
            "description": "",
            "dhcp_options": [],
            "folder_id": "b1g5trap8k0s2qp65cfa",
            "id": "fl8rrvbih2memqkerolh",
            "labels": {},
            "name": "private-subnet-2",
            "network_id": "enpldro260tiigbqsant",
            "route_table_id": "",
            "timeouts": null,
            "v4_cidr_blocks": [
              "10.0.2.0/24"
            ],
            "v6_cidr_blocks": [],
            "zone": "ru-central1-d"
          },
          "sensitive_attributes": [],
          "private": "eyJlMmJmYjczMC1lY2FhLTExZTYtOGY4OC0zNDM2M2JjN2M0YzAiOnsiY3JlYXRlIjoxODAwMDAwMDAwMDAsImRlbGV0ZSI6MTgwMDAwMDAwMDAwLCJ1cGRhdGUiOjE4MDAwMDAwMDAwMH19",
          "dependencies": [
            "yandex_vpc_network.default"
          ]
        }
      ]
    },
    {
      "mode": "managed",
      "type": "yandex_vpc_subnet",
      "name": "public",
      "provider": "provider[\"registry.terraform.io/yandex-cloud/yandex\"]",
      "instances": [
        {
          "schema_version": 0,
          "attributes": {
            "created_at": "2024-11-27T07:15:28Z",
            "description": "",
            "dhcp_options": [],
            "folder_id": "b1g5trap8k0s2qp65cfa",
            "id": "e9brc2eb8i707m0t7obl",
            "labels": {},
            "name": "public-subnet-2",
            "network_id": "enpldro260tiigbqsant",
            "route_table_id": "",
            "timeouts": null,
            "v4_cidr_blocks": [
              "10.0.1.0/24"
            ],
            "v6_cidr_blocks": [],
            "zone": "ru-central1-a"
          },
          "sensitive_attributes": [],
          "private": "eyJlMmJmYjczMC1lY2FhLTExZTYtOGY4OC0zNDM2M2JjN2M0YzAiOnsiY3JlYXRlIjoxODAwMDAwMDAwMDAsImRlbGV0ZSI6MTgwMDAwMDAwMDAwLCJ1cGRhdGUiOjE4MDAwMDAwMDAwMH19",
          "dependencies": [
            "yandex_vpc_network.default"
          ]
        }
      ]
    },
    {
      "module": "module.create_vm",
      "mode": "data",
      "type": "yandex_vpc_subnet",
      "name": "subnets",
      "provider": "provider[\"registry.terraform.io/yandex-cloud/yandex\"]",
      "instances": [
        {
          "index_key": "e9brc2eb8i707m0t7obl",
          "schema_version": 0,
          "attributes": {
            "created_at": "2024-11-27T07:15:28Z",
            "description": "",
            "dhcp_options": [],
            "folder_id": "b1g5trap8k0s2qp65cfa",
            "id": "e9brc2eb8i707m0t7obl",
            "labels": {},
            "name": "public-subnet-2",
            "network_id": "enpldro260tiigbqsant",
            "route_table_id": "",
            "subnet_id": "e9brc2eb8i707m0t7obl",
            "v4_cidr_blocks": [
              "10.0.1.0/24"
            ],
            "v6_cidr_blocks": [],
            "zone": "ru-central1-a"
          },
          "sensitive_attributes": []
        },
        {
          "index_key": "fl8rrvbih2memqkerolh",
          "schema_version": 0,
          "attributes": {
            "created_at": "2024-11-27T12:51:02Z",
            "description": "",
            "dhcp_options": [],
            "folder_id": "b1g5trap8k0s2qp65cfa",
            "id": "fl8rrvbih2memqkerolh",
            "labels": {},
            "name": "private-subnet-2",
            "network_id": "enpldro260tiigbqsant",
            "route_table_id": "",
            "subnet_id": "fl8rrvbih2memqkerolh",
            "v4_cidr_blocks": [
              "10.0.2.0/24"
            ],
            "v6_cidr_blocks": [],
            "zone": "ru-central1-d"
          },
          "sensitive_attributes": []
        }
      ]
    },
    {
      "module": "module.create_vm",
      "mode": "managed",
      "type": "yandex_compute_instance",
      "name": "vm-1",
      "provider": "provider[\"registry.terraform.io/yandex-cloud/yandex\"]",
      "instances": [
        {
          "schema_version": 1,
          "attributes": {
            "allow_recreate": null,
            "allow_stopping_for_update": null,
            "boot_disk": [
              {
                "auto_delete": true,
                "device_name": "fhmflag5qld9kcel7iu7",
                "disk_id": "fhmflag5qld9kcel7iu7",
                "initialize_params": [
                  {
                    "block_size": 4096,
                    "description": "",
                    "image_id": "fd81id4ciatai2csff2u",
                    "name": "",
                    "size": 10,
                    "snapshot_id": "",
                    "type": "network-hdd"
                  }
                ],
                "mode": "READ_WRITE"
              }
            ],
            "created_at": "2024-11-27T19:19:25Z",
            "description": "",
            "filesystem": [],
            "folder_id": "b1g5trap8k0s2qp65cfa",
            "fqdn": "fhmheud7unot0h5bi1g1.auto.internal",
            "gpu_cluster_id": "",
            "hardware_generation": [
              {
                "generation2_features": [],
                "legacy_features": [
                  {
                    "pci_topology": "PCI_TOPOLOGY_V1"
                  }
                ]
              }
            ],
            "hostname": "",
            "id": "fhmheud7unot0h5bi1g1",
            "labels": null,
            "local_disk": [],
            "maintenance_grace_period": "",
            "maintenance_policy": null,
            "metadata": {
              "ssh-keys": "ubuntu:ssh-rsa AAAAB3NzaC1yc2EAAAADAQABAAACAQCkrV5VME2GnH0LX5A2SpS+sun8ligfZtJapSWCVOd67zophUDT65RaxmDwjyoPO2b0hT+YyrdI2yJL2TilA1QZaza6xl2urncRZoLbsxZVwACqmwSj5FBLIiJSdZqHCrUhyn6LLQteWO9huJ6oXdOYMVHPGh9BQciQ0OP1FdwPHlKDhEsatjRycYUKSNuPQgjt3P9H7v5KQXH0ljBNp/WDxoyXmfBfEMZDmdEWkfwvC+hmP64SF04LP2Zk/zhNJ3UOEdJkEDvLC+MsY4My5qTIuz61TEiVovR/qFDmPkubUExZ63YC1KLHlZw9fPx4O4VrX4KzV1l95/3DaW7dpIPI1Myz/CwIMAnHC+k0MxwAFvyv/KtabgdatJy4ecBXxIWfaoSEiL8yxLxgS6Tfz93fhu+ZUtERdEwcWRfpQGXIXeikQ4cZAaohFIDnEUkzMmubL/4DHFQno1A1SgoUCPw6Hc5zLlDbaNtJwMedGDUfRm7sZTnSQgQTordZ214dheQMo0+czifntVrFwUE6UIwyyu+1rd8h9q4vhHObVKiVLfPHq7V8lTSKr7d9nsztjDSrqxlpVT9C0i/9KZhgKj3B/mKH2f+5J6i/5h/ohf5I0DLIIMhZ80nBrTK7E08EPAg43KE7wheIyncrJ9Yl6/4ij0S85HNa/9JBgQdi9Nc0sw== olya@test1\n"
            },
            "metadata_options": [
              {
                "aws_v1_http_endpoint": 1,
                "aws_v1_http_token": 2,
                "gce_http_endpoint": 1,
                "gce_http_token": 1
              }
            ],
            "name": "vm-1",
            "network_acceleration_type": "standard",
            "network_interface": [
              {
                "dns_record": [],
                "index": 0,
                "ip_address": "10.0.1.17",
                "ipv4": true,
                "ipv6": false,
                "ipv6_address": "",
                "ipv6_dns_record": [],
                "mac_address": "d0:0d:11:77:9a:7f",
                "nat": false,
                "nat_dns_record": [],
                "nat_ip_address": "",
                "nat_ip_version": "",
                "security_group_ids": [],
                "subnet_id": "e9brc2eb8i707m0t7obl"
              }
            ],
            "placement_policy": [
              {
                "host_affinity_rules": [],
                "placement_group_id": "",
                "placement_group_partition": 0
              }
            ],
            "platform_id": "standard-v2",
            "resources": [
              {
                "core_fraction": 100,
                "cores": 2,
                "gpus": 0,
                "memory": 2
              }
            ],
            "scheduling_policy": [
              {
                "preemptible": false
              }
            ],
            "secondary_disk": [],
            "service_account_id": "",
            "status": "running",
            "timeouts": null,
            "zone": "ru-central1-a"
          },
          "sensitive_attributes": [],
          "private": "eyJlMmJmYjczMC1lY2FhLTExZTYtOGY4OC0zNDM2M2JjN2M0YzAiOnsiY3JlYXRlIjozMDAwMDAwMDAwMDAsImRlbGV0ZSI6MzAwMDAwMDAwMDAwLCJ1cGRhdGUiOjMwMDAwMDAwMDAwMH0sInNjaGVtYV92ZXJzaW9uIjoiMSJ9",
          "dependencies": [
            "module.create_vm.data.yandex_vpc_subnet.subnets",
            "module.data_subnets.data.yandex_vpc_network.net",
            "yandex_vpc_network.default"
          ]
        }
      ]
    },
    {
      "module": "module.data_subnets",
      "mode": "data",
      "type": "yandex_vpc_network",
      "name": "net",
      "provider": "provider[\"registry.terraform.io/yandex-cloud/yandex\"]",
      "instances": [
        {
          "schema_version": 0,
          "attributes": {
            "created_at": "2024-11-27T07:14:32Z",
            "default_security_group_id": "enp7c2gmftk94vclt89n",
            "description": "",
            "folder_id": "b1g5trap8k0s2qp65cfa",
            "id": "enpldro260tiigbqsant",
            "labels": {},
            "name": "olya-vpc-network-2",
            "network_id": "enpldro260tiigbqsant",
            "subnet_ids": [
              "e9brc2eb8i707m0t7obl",
              "fl8rrvbih2memqkerolh"
            ]
          },
          "sensitive_attributes": []
        }
      ]
    }
  ],
  "check_results": null
}
