{
  "version": 4,
  "terraform_version": "1.9.8",
  "serial": 26,
  "lineage": "556033dd-bb43-78a7-3f66-678f014bd730",
  "outputs": {},
  "resources": [
    {
      "mode": "managed",
      "type": "yandex_compute_instance",
      "name": "private_vm",
      "provider": "provider[\"registry.terraform.io/yandex-cloud/yandex\"]",
      "instances": [
        {
          "schema_version": 1,
          "attributes": {
            "allow_recreate": null,
            "allow_stopping_for_update": null,
            "boot_disk": [
              {
                "auto_delete": true,
                "device_name": "fhmf0e5ftuk9f839ro59",
                "disk_id": "fhmf0e5ftuk9f839ro59",
                "initialize_params": [
                  {
                    "block_size": 4096,
                    "description": "",
                    "image_id": "fd81id4ciatai2csff2u",
                    "name": "",
                    "size": 10,
                    "snapshot_id": "",
                    "type": "network-hdd"
                  }
                ],
                "mode": "READ_WRITE"
              }
            ],
            "created_at": "2024-11-24T19:38:00Z",
            "description": "",
            "filesystem": [],
            "folder_id": "b1g5trap8k0s2qp65cfa",
            "fqdn": "fhmcpgco49o8asjeituv.auto.internal",
            "gpu_cluster_id": "",
            "hardware_generation": [
              {
                "generation2_features": [],
                "legacy_features": [
                  {
                    "pci_topology": "PCI_TOPOLOGY_V1"
                  }
                ]
              }
            ],
            "hostname": "",
            "id": "fhmcpgco49o8asjeituv",
            "labels": null,
            "local_disk": [],
            "maintenance_grace_period": "",
            "maintenance_policy": null,
            "metadata": {
              "ssh-keys": "ubuntu:ssh-rsa AAAAB3NzaC1yc2EAAAADAQABAAACAQCkrV5VME2GnH0LX5A2SpS+sun8ligfZtJapSWCVOd67zophUDT65RaxmDwjyoPO2b0hT+YyrdI2yJL2TilA1QZaza6xl2urncRZoLbsxZVwACqmwSj5FBLIiJSdZqHCrUhyn6LLQteWO9huJ6oXdOYMVHPGh9BQciQ0OP1FdwPHlKDhEsatjRycYUKSNuPQgjt3P9H7v5KQXH0ljBNp/WDxoyXmfBfEMZDmdEWkfwvC+hmP64SF04LP2Zk/zhNJ3UOEdJkEDvLC+MsY4My5qTIuz61TEiVovR/qFDmPkubUExZ63YC1KLHlZw9fPx4O4VrX4KzV1l95/3DaW7dpIPI1Myz/CwIMAnHC+k0MxwAFvyv/KtabgdatJy4ecBXxIWfaoSEiL8yxLxgS6Tfz93fhu+ZUtERdEwcWRfpQGXIXeikQ4cZAaohFIDnEUkzMmubL/4DHFQno1A1SgoUCPw6Hc5zLlDbaNtJwMedGDUfRm7sZTnSQgQTordZ214dheQMo0+czifntVrFwUE6UIwyyu+1rd8h9q4vhHObVKiVLfPHq7V8lTSKr7d9nsztjDSrqxlpVT9C0i/9KZhgKj3B/mKH2f+5J6i/5h/ohf5I0DLIIMhZ80nBrTK7E08EPAg43KE7wheIyncrJ9Yl6/4ij0S85HNa/9JBgQdi9Nc0sw== olya@test1\n"
            },
            "metadata_options": [
              {
                "aws_v1_http_endpoint": 1,
                "aws_v1_http_token": 2,
                "gce_http_endpoint": 1,
                "gce_http_token": 1
              }
            ],
            "name": "private-vm",
            "network_acceleration_type": "standard",
            "network_interface": [
              {
                "dns_record": [],
                "index": 0,
                "ip_address": "10.0.2.34",
                "ipv4": true,
                "ipv6": false,
                "ipv6_address": "",
                "ipv6_dns_record": [],
                "mac_address": "d0:0d:cc:c1:98:22",
                "nat": false,
                "nat_dns_record": [],
                "nat_ip_address": "",
                "nat_ip_version": "",
                "security_group_ids": [
                  "enp0botsai77impong88"
                ],
                "subnet_id": "e9b9h13pp5gh4hmtpscg"
              }
            ],
            "placement_policy": [
              {
                "host_affinity_rules": [],
                "placement_group_id": "",
                "placement_group_partition": 0
              }
            ],
            "platform_id": "standard-v2",
            "resources": [
              {
                "core_fraction": 100,
                "cores": 2,
                "gpus": 0,
                "memory": 2
              }
            ],
            "scheduling_policy": [
              {
                "preemptible": false
              }
            ],
            "secondary_disk": [],
            "service_account_id": "",
            "status": "running",
            "timeouts": null,
            "zone": "ru-central1-a"
          },
          "sensitive_attributes": [],
          "private": "eyJlMmJmYjczMC1lY2FhLTExZTYtOGY4OC0zNDM2M2JjN2M0YzAiOnsiY3JlYXRlIjozMDAwMDAwMDAwMDAsImRlbGV0ZSI6MzAwMDAwMDAwMDAwLCJ1cGRhdGUiOjMwMDAwMDAwMDAwMH0sInNjaGVtYV92ZXJzaW9uIjoiMSJ9",
          "dependencies": [
            "yandex_vpc_network.default",
            "yandex_vpc_security_group.private-sg",
            "yandex_vpc_subnet.private"
          ]
        }
      ]
    },
    {
      "mode": "managed",
      "type": "yandex_compute_instance",
      "name": "public_vm",
      "provider": "provider[\"registry.terraform.io/yandex-cloud/yandex\"]",
      "instances": [
        {
          "schema_version": 1,
          "attributes": {
            "allow_recreate": null,
            "allow_stopping_for_update": null,
            "boot_disk": [
              {
                "auto_delete": true,
                "device_name": "fhmglngbvke16ed0ra9v",
                "disk_id": "fhmglngbvke16ed0ra9v",
                "initialize_params": [
                  {
                    "block_size": 4096,
                    "description": "",
                    "image_id": "fd81id4ciatai2csff2u",
                    "name": "",
                    "size": 10,
                    "snapshot_id": "",
                    "type": "network-hdd"
                  }
                ],
                "mode": "READ_WRITE"
              }
            ],
            "created_at": "2024-11-24T19:38:01Z",
            "description": "",
            "filesystem": [],
            "folder_id": "b1g5trap8k0s2qp65cfa",
            "fqdn": "fhmh0ov2mu27tchi5biq.auto.internal",
            "gpu_cluster_id": "",
            "hardware_generation": [
              {
                "generation2_features": [],
                "legacy_features": [
                  {
                    "pci_topology": "PCI_TOPOLOGY_V1"
                  }
                ]
              }
            ],
            "hostname": "",
            "id": "fhmh0ov2mu27tchi5biq",
            "labels": null,
            "local_disk": [],
            "maintenance_grace_period": "",
            "maintenance_policy": null,
            "metadata": {
              "ssh-keys": "ubuntu:ssh-rsa AAAAB3NzaC1yc2EAAAADAQABAAACAQCkrV5VME2GnH0LX5A2SpS+sun8ligfZtJapSWCVOd67zophUDT65RaxmDwjyoPO2b0hT+YyrdI2yJL2TilA1QZaza6xl2urncRZoLbsxZVwACqmwSj5FBLIiJSdZqHCrUhyn6LLQteWO9huJ6oXdOYMVHPGh9BQciQ0OP1FdwPHlKDhEsatjRycYUKSNuPQgjt3P9H7v5KQXH0ljBNp/WDxoyXmfBfEMZDmdEWkfwvC+hmP64SF04LP2Zk/zhNJ3UOEdJkEDvLC+MsY4My5qTIuz61TEiVovR/qFDmPkubUExZ63YC1KLHlZw9fPx4O4VrX4KzV1l95/3DaW7dpIPI1Myz/CwIMAnHC+k0MxwAFvyv/KtabgdatJy4ecBXxIWfaoSEiL8yxLxgS6Tfz93fhu+ZUtERdEwcWRfpQGXIXeikQ4cZAaohFIDnEUkzMmubL/4DHFQno1A1SgoUCPw6Hc5zLlDbaNtJwMedGDUfRm7sZTnSQgQTordZ214dheQMo0+czifntVrFwUE6UIwyyu+1rd8h9q4vhHObVKiVLfPHq7V8lTSKr7d9nsztjDSrqxlpVT9C0i/9KZhgKj3B/mKH2f+5J6i/5h/ohf5I0DLIIMhZ80nBrTK7E08EPAg43KE7wheIyncrJ9Yl6/4ij0S85HNa/9JBgQdi9Nc0sw== olya@test1\n"
            },
            "metadata_options": [
              {
                "aws_v1_http_endpoint": 1,
                "aws_v1_http_token": 2,
                "gce_http_endpoint": 1,
                "gce_http_token": 1
              }
            ],
            "name": "public-vm",
            "network_acceleration_type": "standard",
            "network_interface": [
              {
                "dns_record": [],
                "index": 0,
                "ip_address": "10.0.1.12",
                "ipv4": true,
                "ipv6": false,
                "ipv6_address": "",
                "ipv6_dns_record": [],
                "mac_address": "d0:0d:11:06:3e:2b",
                "nat": true,
                "nat_dns_record": [],
                "nat_ip_address": "51.250.13.230",
                "nat_ip_version": "IPV4",
                "security_group_ids": [
                  "enpi390qs2e1dnkrfts3"
                ],
                "subnet_id": "e9bu4gqd007k6gdf7b9t"
              }
            ],
            "placement_policy": [
              {
                "host_affinity_rules": [],
                "placement_group_id": "",
                "placement_group_partition": 0
              }
            ],
            "platform_id": "standard-v2",
            "resources": [
              {
                "core_fraction": 100,
                "cores": 2,
                "gpus": 0,
                "memory": 2
              }
            ],
            "scheduling_policy": [
              {
                "preemptible": false
              }
            ],
            "secondary_disk": [],
            "service_account_id": "",
            "status": "running",
            "timeouts": null,
            "zone": "ru-central1-a"
          },
          "sensitive_attributes": [],
          "private": "eyJlMmJmYjczMC1lY2FhLTExZTYtOGY4OC0zNDM2M2JjN2M0YzAiOnsiY3JlYXRlIjozMDAwMDAwMDAwMDAsImRlbGV0ZSI6MzAwMDAwMDAwMDAwLCJ1cGRhdGUiOjMwMDAwMDAwMDAwMH0sInNjaGVtYV92ZXJzaW9uIjoiMSJ9",
          "dependencies": [
            "yandex_vpc_network.default",
            "yandex_vpc_security_group.public-sg",
            "yandex_vpc_subnet.public"
          ]
        }
      ]
    },
    {
      "mode": "managed",
      "type": "yandex_vpc_network",
      "name": "default",
      "provider": "provider[\"registry.terraform.io/yandex-cloud/yandex\"]",
      "instances": [
        {
          "schema_version": 0,
          "attributes": {
            "created_at": "2024-11-24T19:37:57Z",
            "default_security_group_id": "enpu9dihqf9p1jb7jfj6",
            "description": "",
            "folder_id": "b1g5trap8k0s2qp65cfa",
            "id": "enp7io07if98eg532pi8",
            "labels": {},
            "name": "olya-vpc-network",
            "subnet_ids": [],
            "timeouts": null
          },
          "sensitive_attributes": [],
          "private": "eyJlMmJmYjczMC1lY2FhLTExZTYtOGY4OC0zNDM2M2JjN2M0YzAiOnsiY3JlYXRlIjo2MDAwMDAwMDAwMCwiZGVsZXRlIjo2MDAwMDAwMDAwMCwidXBkYXRlIjo2MDAwMDAwMDAwMH19"
        }
      ]
    },
    {
      "mode": "managed",
      "type": "yandex_vpc_security_group",
      "name": "private-sg",
      "provider": "provider[\"registry.terraform.io/yandex-cloud/yandex\"]",
      "instances": [
        {
          "schema_version": 0,
          "attributes": {
            "created_at": "2024-11-24T19:37:59Z",
            "description": "Allows SSH and 8080 connections in private subnet",
            "egress": [
              {
                "description": "Allow all outbound traffic",
                "from_port": -1,
                "id": "enphg7l3mqo6cu2bfofk",
                "labels": {},
                "port": -1,
                "predefined_target": "",
                "protocol": "ANY",
                "security_group_id": "",
                "to_port": -1,
                "v4_cidr_blocks": [
                  "0.0.0.0/0"
                ],
                "v6_cidr_blocks": []
              }
            ],
            "folder_id": "b1g5trap8k0s2qp65cfa",
            "id": "enp0botsai77impong88",
            "ingress": [
              {
                "description": "Allow SSH connections",
                "from_port": -1,
                "id": "enp48anpc1m2tosbpgar",
                "labels": {},
                "port": 22,
                "predefined_target": "",
                "protocol": "TCP",
                "security_group_id": "",
                "to_port": -1,
                "v4_cidr_blocks": [
                  "10.0.0.0/8"
                ],
                "v6_cidr_blocks": []
              },
              {
                "description": "Allow connections on port 8080",
                "from_port": -1,
                "id": "enp7bfrrv75cc9g35eip",
                "labels": {},
                "port": 8080,
                "predefined_target": "",
                "protocol": "TCP",
                "security_group_id": "",
                "to_port": -1,
                "v4_cidr_blocks": [
                  "10.0.0.0/8"
                ],
                "v6_cidr_blocks": []
              }
            ],
            "labels": {
              "environment": "private"
            },
            "name": "private-security-group",
            "network_id": "enp7io07if98eg532pi8",
            "status": "ACTIVE",
            "timeouts": null
          },
          "sensitive_attributes": [],
          "private": "eyJlMmJmYjczMC1lY2FhLTExZTYtOGY4OC0zNDM2M2JjN2M0YzAiOnsiY3JlYXRlIjoxODAwMDAwMDAwMDAsImRlbGV0ZSI6MTgwMDAwMDAwMDAwLCJ1cGRhdGUiOjE4MDAwMDAwMDAwMH19",
          "dependencies": [
            "yandex_vpc_network.default"
          ]
        }
      ]
    },
    {
      "mode": "managed",
      "type": "yandex_vpc_security_group",
      "name": "public-sg",
      "provider": "provider[\"registry.terraform.io/yandex-cloud/yandex\"]",
      "instances": [
        {
          "schema_version": 0,
          "attributes": {
            "created_at": "2024-11-24T19:38:00Z",
            "description": "Allows SSH, HTTP, and HTTPS connections",
            "egress": [
              {
                "description": "Allow all outbound traffic",
                "from_port": -1,
                "id": "enpttekqa96lq7775f30",
                "labels": {},
                "port": -1,
                "predefined_target": "",
                "protocol": "ANY",
                "security_group_id": "",
                "to_port": -1,
                "v4_cidr_blocks": [
                  "0.0.0.0/0"
                ],
                "v6_cidr_blocks": []
              }
            ],
            "folder_id": "b1g5trap8k0s2qp65cfa",
            "id": "enpi390qs2e1dnkrfts3",
            "ingress": [
              {
                "description": "Allow HTTP connections",
                "from_port": -1,
                "id": "enpb42hq5s50l9ut4bpu",
                "labels": {},
                "port": 80,
                "predefined_target": "",
                "protocol": "TCP",
                "security_group_id": "",
                "to_port": -1,
                "v4_cidr_blocks": [
                  "0.0.0.0/0"
                ],
                "v6_cidr_blocks": []
              },
              {
                "description": "Allow HTTPS connections",
                "from_port": -1,
                "id": "enpuuepepj82povcl6gn",
                "labels": {},
                "port": 443,
                "predefined_target": "",
                "protocol": "TCP",
                "security_group_id": "",
                "to_port": -1,
                "v4_cidr_blocks": [
                  "0.0.0.0/0"
                ],
                "v6_cidr_blocks": []
              },
              {
                "description": "Allow SSH connections",
                "from_port": -1,
                "id": "enp3kgt258lqani2tpfp",
                "labels": {},
                "port": 22,
                "predefined_target": "",
                "protocol": "TCP",
                "security_group_id": "",
                "to_port": -1,
                "v4_cidr_blocks": [
                  "0.0.0.0/0"
                ],
                "v6_cidr_blocks": []
              }
            ],
            "labels": {},
            "name": "public-security-group",
            "network_id": "enp7io07if98eg532pi8",
            "status": "ACTIVE",
            "timeouts": null
          },
          "sensitive_attributes": [],
          "private": "eyJlMmJmYjczMC1lY2FhLTExZTYtOGY4OC0zNDM2M2JjN2M0YzAiOnsiY3JlYXRlIjoxODAwMDAwMDAwMDAsImRlbGV0ZSI6MTgwMDAwMDAwMDAwLCJ1cGRhdGUiOjE4MDAwMDAwMDAwMH19",
          "dependencies": [
            "yandex_vpc_network.default"
          ]
        }
      ]
    },
    {
      "mode": "managed",
      "type": "yandex_vpc_subnet",
      "name": "private",
      "provider": "provider[\"registry.terraform.io/yandex-cloud/yandex\"]",
      "instances": [
        {
          "schema_version": 0,
          "attributes": {
            "created_at": "2024-11-24T19:37:59Z",
            "description": "",
            "dhcp_options": [],
            "folder_id": "b1g5trap8k0s2qp65cfa",
            "id": "e9b9h13pp5gh4hmtpscg",
            "labels": {},
            "name": "private-subnet",
            "network_id": "enp7io07if98eg532pi8",
            "route_table_id": "",
            "timeouts": null,
            "v4_cidr_blocks": [
              "10.0.2.0/24"
            ],
            "v6_cidr_blocks": [],
            "zone": "ru-central1-a"
          },
          "sensitive_attributes": [],
          "private": "eyJlMmJmYjczMC1lY2FhLTExZTYtOGY4OC0zNDM2M2JjN2M0YzAiOnsiY3JlYXRlIjoxODAwMDAwMDAwMDAsImRlbGV0ZSI6MTgwMDAwMDAwMDAwLCJ1cGRhdGUiOjE4MDAwMDAwMDAwMH19",
          "dependencies": [
            "yandex_vpc_network.default"
          ]
        }
      ]
    },
    {
      "mode": "managed",
      "type": "yandex_vpc_subnet",
      "name": "public",
      "provider": "provider[\"registry.terraform.io/yandex-cloud/yandex\"]",
      "instances": [
        {
          "schema_version": 0,
          "attributes": {
            "created_at": "2024-11-24T19:37:58Z",
            "description": "",
            "dhcp_options": [],
            "folder_id": "b1g5trap8k0s2qp65cfa",
            "id": "e9bu4gqd007k6gdf7b9t",
            "labels": {},
            "name": "public-subnet",
            "network_id": "enp7io07if98eg532pi8",
            "route_table_id": "",
            "timeouts": null,
            "v4_cidr_blocks": [
              "10.0.1.0/24"
            ],
            "v6_cidr_blocks": [],
            "zone": "ru-central1-a"
          },
          "sensitive_attributes": [],
          "private": "eyJlMmJmYjczMC1lY2FhLTExZTYtOGY4OC0zNDM2M2JjN2M0YzAiOnsiY3JlYXRlIjoxODAwMDAwMDAwMDAsImRlbGV0ZSI6MTgwMDAwMDAwMDAwLCJ1cGRhdGUiOjE4MDAwMDAwMDAwMH19",
          "dependencies": [
            "yandex_vpc_network.default"
          ]
        }
      ]
    }
  ],
  "check_results": null
}
